// !$*UTF8*$!
{
	archiveVersion = 1;
	classes = {
	};
	objectVersion = 50;
	objects = {

/* Begin PBXBuildFile section */
		3397A49025810CAA004A2E88 /* WeatherServiceErrors.swift in Sources */ = {isa = PBXBuildFile; fileRef = 3397A48F25810CAA004A2E88 /* WeatherServiceErrors.swift */; };
		3397A4962581136E004A2E88 /* Localizable.swift in Sources */ = {isa = PBXBuildFile; fileRef = 3397A4952581136E004A2E88 /* Localizable.swift */; };
		3397A4992581160A004A2E88 /* ApiProviderErrors.swift in Sources */ = {isa = PBXBuildFile; fileRef = 3397A4982581160A004A2E88 /* ApiProviderErrors.swift */; };
		33AAFDA62578EBE1006FD448 /* WeatherApp.swift in Sources */ = {isa = PBXBuildFile; fileRef = 33AAFDA52578EBE1006FD448 /* WeatherApp.swift */; };
		33AAFDA82578EBE1006FD448 /* ContentView.swift in Sources */ = {isa = PBXBuildFile; fileRef = 33AAFDA72578EBE1006FD448 /* ContentView.swift */; };
		33AAFE3C25792547006FD448 /* Localizable.strings in Resources */ = {isa = PBXBuildFile; fileRef = 33AAFE3E25792547006FD448 /* Localizable.strings */; };
		33AAFE72257A8145006FD448 /* ServiceContainer.swift in Sources */ = {isa = PBXBuildFile; fileRef = 33AAFE71257A8144006FD448 /* ServiceContainer.swift */; };
		33AAFE77257A844E006FD448 /* APIProvider.swift in Sources */ = {isa = PBXBuildFile; fileRef = 33AAFE76257A844E006FD448 /* APIProvider.swift */; };
		33AAFE7C257A8567006FD448 /* EndpointProtocol.swift in Sources */ = {isa = PBXBuildFile; fileRef = 33AAFE7B257A8567006FD448 /* EndpointProtocol.swift */; };
		33AAFE80257A8811006FD448 /* WeatherEndpoint.swift in Sources */ = {isa = PBXBuildFile; fileRef = 33AAFE7F257A8811006FD448 /* WeatherEndpoint.swift */; };
		33AAFE84257A8B9A006FD448 /* WeatherService.swift in Sources */ = {isa = PBXBuildFile; fileRef = 33AAFE83257A8B9A006FD448 /* WeatherService.swift */; };
		33AAFE88257A8BC2006FD448 /* WeatherServiceProtocol.swift in Sources */ = {isa = PBXBuildFile; fileRef = 33AAFE87257A8BC2006FD448 /* WeatherServiceProtocol.swift */; };
		B69BFCB0DCFC38F36E7DA353 /* Pods_Weather.framework in Frameworks */ = {isa = PBXBuildFile; fileRef = 1FD69726583F6321EC21F415 /* Pods_Weather.framework */; };
		EAD5D8A8257A5F6A00A7773C /* swiftgen.yml in Resources */ = {isa = PBXBuildFile; fileRef = EAD5D8A7257A5F6900A7773C /* swiftgen.yml */; };
		EAD5D8AB257A5F7000A7773C /* .swiftlint.yml in Resources */ = {isa = PBXBuildFile; fileRef = EAD5D8AA257A5F7000A7773C /* .swiftlint.yml */; };
		EAD5D8B5257A601B00A7773C /* Assets.swift in Sources */ = {isa = PBXBuildFile; fileRef = EAD5D8B3257A601B00A7773C /* Assets.swift */; };
		EAD5D8B6257A601B00A7773C /* Fonts.swift in Sources */ = {isa = PBXBuildFile; fileRef = EAD5D8B4257A601B00A7773C /* Fonts.swift */; };
		EAD5D8C0257A615200A7773C /* Assets.xcassets in Resources */ = {isa = PBXBuildFile; fileRef = EAD5D8BF257A615200A7773C /* Assets.xcassets */; };
		EAD5D8CE257A647A00A7773C /* Store.swift in Sources */ = {isa = PBXBuildFile; fileRef = EAD5D8CD257A647A00A7773C /* Store.swift */; };
		EAD5D8D3257A64E300A7773C /* CancelBag.swift in Sources */ = {isa = PBXBuildFile; fileRef = EAD5D8D2257A64E300A7773C /* CancelBag.swift */; };
		EAD5D8DC257A669D00A7773C /* AppEnvironment.swift in Sources */ = {isa = PBXBuildFile; fileRef = EAD5D8DB257A669D00A7773C /* AppEnvironment.swift */; };
		EAD5D8E0257A66DE00A7773C /* DependencyInjector.swift in Sources */ = {isa = PBXBuildFile; fileRef = EAD5D8DF257A66DE00A7773C /* DependencyInjector.swift */; };
		EAD5D8E4257A692000A7773C /* DataManagers.swift in Sources */ = {isa = PBXBuildFile; fileRef = EAD5D8E3257A692000A7773C /* DataManagers.swift */; };
		EAD5D8E8257A698400A7773C /* AppState.swift in Sources */ = {isa = PBXBuildFile; fileRef = EAD5D8E7257A698400A7773C /* AppState.swift */; };
/* End PBXBuildFile section */

/* Begin PBXFileReference section */
		1FD69726583F6321EC21F415 /* Pods_Weather.framework */ = {isa = PBXFileReference; explicitFileType = wrapper.framework; includeInIndex = 0; path = Pods_Weather.framework; sourceTree = BUILT_PRODUCTS_DIR; };
		30E945200854FE87FF693844 /* Pods-Weather.debug.xcconfig */ = {isa = PBXFileReference; includeInIndex = 1; lastKnownFileType = text.xcconfig; name = "Pods-Weather.debug.xcconfig"; path = "Target Support Files/Pods-Weather/Pods-Weather.debug.xcconfig"; sourceTree = "<group>"; };
		3397A48F25810CAA004A2E88 /* WeatherServiceErrors.swift */ = {isa = PBXFileReference; lastKnownFileType = sourcecode.swift; path = WeatherServiceErrors.swift; sourceTree = "<group>"; };
		3397A4952581136E004A2E88 /* Localizable.swift */ = {isa = PBXFileReference; fileEncoding = 4; lastKnownFileType = sourcecode.swift; path = Localizable.swift; sourceTree = "<group>"; };
		3397A4982581160A004A2E88 /* ApiProviderErrors.swift */ = {isa = PBXFileReference; lastKnownFileType = sourcecode.swift; path = ApiProviderErrors.swift; sourceTree = "<group>"; };
		33AAFDA22578EBE1006FD448 /* Weather.app */ = {isa = PBXFileReference; explicitFileType = wrapper.application; includeInIndex = 0; path = Weather.app; sourceTree = BUILT_PRODUCTS_DIR; };
		33AAFDA52578EBE1006FD448 /* WeatherApp.swift */ = {isa = PBXFileReference; lastKnownFileType = sourcecode.swift; path = WeatherApp.swift; sourceTree = "<group>"; };
		33AAFDA72578EBE1006FD448 /* ContentView.swift */ = {isa = PBXFileReference; lastKnownFileType = sourcecode.swift; path = ContentView.swift; sourceTree = "<group>"; };
		33AAFDAE2578EBE5006FD448 /* Info.plist */ = {isa = PBXFileReference; lastKnownFileType = text.plist.xml; path = Info.plist; sourceTree = "<group>"; };
		33AAFE3D25792547006FD448 /* en */ = {isa = PBXFileReference; lastKnownFileType = text.plist.strings; name = en; path = en.lproj/Localizable.strings; sourceTree = "<group>"; };
		33AAFE4025792565006FD448 /* ru */ = {isa = PBXFileReference; lastKnownFileType = text.plist.strings; name = ru; path = ru.lproj/Localizable.strings; sourceTree = "<group>"; };
		33AAFE71257A8144006FD448 /* ServiceContainer.swift */ = {isa = PBXFileReference; lastKnownFileType = sourcecode.swift; path = ServiceContainer.swift; sourceTree = "<group>"; };
		33AAFE76257A844E006FD448 /* APIProvider.swift */ = {isa = PBXFileReference; lastKnownFileType = sourcecode.swift; path = APIProvider.swift; sourceTree = "<group>"; };
		33AAFE7B257A8567006FD448 /* EndpointProtocol.swift */ = {isa = PBXFileReference; lastKnownFileType = sourcecode.swift; path = EndpointProtocol.swift; sourceTree = "<group>"; };
		33AAFE7F257A8811006FD448 /* WeatherEndpoint.swift */ = {isa = PBXFileReference; lastKnownFileType = sourcecode.swift; path = WeatherEndpoint.swift; sourceTree = "<group>"; };
		33AAFE83257A8B9A006FD448 /* WeatherService.swift */ = {isa = PBXFileReference; lastKnownFileType = sourcecode.swift; path = WeatherService.swift; sourceTree = "<group>"; };
		33AAFE87257A8BC2006FD448 /* WeatherServiceProtocol.swift */ = {isa = PBXFileReference; lastKnownFileType = sourcecode.swift; path = WeatherServiceProtocol.swift; sourceTree = "<group>"; };
		3DC9A732CA08884D6D2347E0 /* Pods-Weather.release.xcconfig */ = {isa = PBXFileReference; includeInIndex = 1; lastKnownFileType = text.xcconfig; name = "Pods-Weather.release.xcconfig"; path = "Target Support Files/Pods-Weather/Pods-Weather.release.xcconfig"; sourceTree = "<group>"; };
		EAD5D8A7257A5F6900A7773C /* swiftgen.yml */ = {isa = PBXFileReference; fileEncoding = 4; lastKnownFileType = text.yaml; path = swiftgen.yml; sourceTree = SOURCE_ROOT; };
		EAD5D8AA257A5F7000A7773C /* .swiftlint.yml */ = {isa = PBXFileReference; fileEncoding = 4; lastKnownFileType = text.yaml; path = .swiftlint.yml; sourceTree = SOURCE_ROOT; };
		EAD5D8B3257A601B00A7773C /* Assets.swift */ = {isa = PBXFileReference; fileEncoding = 4; lastKnownFileType = sourcecode.swift; path = Assets.swift; sourceTree = "<group>"; };
		EAD5D8B4257A601B00A7773C /* Fonts.swift */ = {isa = PBXFileReference; fileEncoding = 4; lastKnownFileType = sourcecode.swift; path = Fonts.swift; sourceTree = "<group>"; };
		EAD5D8BF257A615200A7773C /* Assets.xcassets */ = {isa = PBXFileReference; lastKnownFileType = folder.assetcatalog; name = Assets.xcassets; path = Weather/Resources/Assets.xcassets; sourceTree = SOURCE_ROOT; };
		EAD5D8CD257A647A00A7773C /* Store.swift */ = {isa = PBXFileReference; lastKnownFileType = sourcecode.swift; path = Store.swift; sourceTree = "<group>"; };
		EAD5D8D2257A64E300A7773C /* CancelBag.swift */ = {isa = PBXFileReference; lastKnownFileType = sourcecode.swift; path = CancelBag.swift; sourceTree = "<group>"; };
		EAD5D8DB257A669D00A7773C /* AppEnvironment.swift */ = {isa = PBXFileReference; lastKnownFileType = sourcecode.swift; path = AppEnvironment.swift; sourceTree = "<group>"; };
		EAD5D8DF257A66DE00A7773C /* DependencyInjector.swift */ = {isa = PBXFileReference; lastKnownFileType = sourcecode.swift; path = DependencyInjector.swift; sourceTree = "<group>"; };
		EAD5D8E3257A692000A7773C /* DataManagers.swift */ = {isa = PBXFileReference; lastKnownFileType = sourcecode.swift; path = DataManagers.swift; sourceTree = "<group>"; };
		EAD5D8E7257A698400A7773C /* AppState.swift */ = {isa = PBXFileReference; lastKnownFileType = sourcecode.swift; path = AppState.swift; sourceTree = "<group>"; };
/* End PBXFileReference section */

/* Begin PBXFrameworksBuildPhase section */
		33AAFD9F2578EBE1006FD448 /* Frameworks */ = {
			isa = PBXFrameworksBuildPhase;
			buildActionMask = 2147483647;
			files = (
				B69BFCB0DCFC38F36E7DA353 /* Pods_Weather.framework in Frameworks */,
			);
			runOnlyForDeploymentPostprocessing = 0;
		};
/* End PBXFrameworksBuildPhase section */

/* Begin PBXGroup section */
		33AAFD992578EBE1006FD448 = {
			isa = PBXGroup;
			children = (
				33AAFDA42578EBE1006FD448 /* Weather */,
				33AAFDA32578EBE1006FD448 /* Products */,
				67704EB50FB7FAAEE4F3BA54 /* Pods */,
				88D47B9928AE89177AD80607 /* Frameworks */,
			);
			sourceTree = "<group>";
		};
		33AAFDA32578EBE1006FD448 /* Products */ = {
			isa = PBXGroup;
			children = (
				33AAFDA22578EBE1006FD448 /* Weather.app */,
			);
			name = Products;
			sourceTree = "<group>";
		};
		33AAFDA42578EBE1006FD448 /* Weather */ = {
			isa = PBXGroup;
			children = (
				EAD5D89F257A5E9A00A7773C /* Classes */,
				33AAFE232579180F006FD448 /* Resources */,
			);
			path = Weather;
			sourceTree = "<group>";
		};
		33AAFE232579180F006FD448 /* Resources */ = {
			isa = PBXGroup;
			children = (
				EAD5D8A2257A5EF500A7773C /* Fonts */,
				33AAFE2425791822006FD448 /* Generated */,
				EAD5D8A1257A5ED000A7773C /* Localizable */,
				EAD5D8BF257A615200A7773C /* Assets.xcassets */,
				33AAFDAE2578EBE5006FD448 /* Info.plist */,
				EAD5D8A7257A5F6900A7773C /* swiftgen.yml */,
				EAD5D8AA257A5F7000A7773C /* .swiftlint.yml */,
			);
			path = Resources;
			sourceTree = "<group>";
		};
		33AAFE2425791822006FD448 /* Generated */ = {
			isa = PBXGroup;
			children = (
				EAD5D8B3257A601B00A7773C /* Assets.swift */,
				EAD5D8B4257A601B00A7773C /* Fonts.swift */,
				3397A4952581136E004A2E88 /* Localizable.swift */,
			);
			path = Generated;
			sourceTree = "<group>";
		};
		33AAFE74257A8417006FD448 /* Services */ = {
			isa = PBXGroup;
			children = (
				33AAFE82257A8B8C006FD448 /* Weather */,
				33AAFE71257A8144006FD448 /* ServiceContainer.swift */,
				33AAFE75257A8423006FD448 /* Network */,
			);
			path = Services;
			sourceTree = "<group>";
		};
		33AAFE75257A8423006FD448 /* Network */ = {
			isa = PBXGroup;
			children = (
				33AAFE7A257A854D006FD448 /* Endpoints */,
				33AAFE76257A844E006FD448 /* APIProvider.swift */,
				3397A4982581160A004A2E88 /* ApiProviderErrors.swift */,
			);
			path = Network;
			sourceTree = "<group>";
		};
		33AAFE7A257A854D006FD448 /* Endpoints */ = {
			isa = PBXGroup;
			children = (
				33AAFE7B257A8567006FD448 /* EndpointProtocol.swift */,
				33AAFE7F257A8811006FD448 /* WeatherEndpoint.swift */,
			);
			path = Endpoints;
			sourceTree = "<group>";
		};
		33AAFE82257A8B8C006FD448 /* Weather */ = {
			isa = PBXGroup;
			children = (
				33AAFE83257A8B9A006FD448 /* WeatherService.swift */,
				33AAFE87257A8BC2006FD448 /* WeatherServiceProtocol.swift */,
				3397A48F25810CAA004A2E88 /* WeatherServiceErrors.swift */,
			);
			path = Weather;
			sourceTree = "<group>";
		};
		67704EB50FB7FAAEE4F3BA54 /* Pods */ = {
			isa = PBXGroup;
			children = (
				30E945200854FE87FF693844 /* Pods-Weather.debug.xcconfig */,
				3DC9A732CA08884D6D2347E0 /* Pods-Weather.release.xcconfig */,
			);
			path = Pods;
			sourceTree = "<group>";
		};
		88D47B9928AE89177AD80607 /* Frameworks */ = {
			isa = PBXGroup;
			children = (
				1FD69726583F6321EC21F415 /* Pods_Weather.framework */,
			);
			name = Frameworks;
			sourceTree = "<group>";
		};
		EAD5D89F257A5E9A00A7773C /* Classes */ = {
			isa = PBXGroup;
			children = (
				EAD5D8D1257A64CF00A7773C /* Common */,
				EAD5D8DA257A668700A7773C /* Screens */,
			);
			path = Classes;
			sourceTree = "<group>";
		};
		EAD5D8A1257A5ED000A7773C /* Localizable */ = {
			isa = PBXGroup;
			children = (
				33AAFE3E25792547006FD448 /* Localizable.strings */,
			);
			path = Localizable;
			sourceTree = "<group>";
		};
		EAD5D8A2257A5EF500A7773C /* Fonts */ = {
			isa = PBXGroup;
			children = (
			);
			path = Fonts;
			sourceTree = "<group>";
		};
		EAD5D8CC257A641000A7773C /* Utilities */ = {
			isa = PBXGroup;
			children = (
				EAD5D8CD257A647A00A7773C /* Store.swift */,
				EAD5D8D2257A64E300A7773C /* CancelBag.swift */,
			);
			path = Utilities;
			sourceTree = "<group>";
		};
		EAD5D8D1257A64CF00A7773C /* Common */ = {
			isa = PBXGroup;
			children = (
				33AAFE74257A8417006FD448 /* Services */,
				EAD5D8E2257A673F00A7773C /* DependencyInjection */,
				EAD5D8D9257A666900A7773C /* Environment */,
				EAD5D8CC257A641000A7773C /* Utilities */,
			);
			path = Common;
			sourceTree = "<group>";
		};
		EAD5D8D9257A666900A7773C /* Environment */ = {
			isa = PBXGroup;
			children = (
				33AAFDA52578EBE1006FD448 /* WeatherApp.swift */,
				EAD5D8DB257A669D00A7773C /* AppEnvironment.swift */,
			);
			path = Environment;
			sourceTree = "<group>";
		};
		EAD5D8DA257A668700A7773C /* Screens */ = {
			isa = PBXGroup;
			children = (
				33AAFDA72578EBE1006FD448 /* ContentView.swift */,
			);
			path = Screens;
			sourceTree = "<group>";
		};
		EAD5D8E2257A673F00A7773C /* DependencyInjection */ = {
			isa = PBXGroup;
			children = (
				EAD5D8DF257A66DE00A7773C /* DependencyInjector.swift */,
				EAD5D8E3257A692000A7773C /* DataManagers.swift */,
				EAD5D8E7257A698400A7773C /* AppState.swift */,
			);
			path = DependencyInjection;
			sourceTree = "<group>";
		};
/* End PBXGroup section */

/* Begin PBXNativeTarget section */
		33AAFDA12578EBE1006FD448 /* Weather */ = {
			isa = PBXNativeTarget;
			buildConfigurationList = 33AAFDB12578EBE5006FD448 /* Build configuration list for PBXNativeTarget "Weather" */;
			buildPhases = (
				D31CD8FAF446A14F44683ACC /* [CP] Check Pods Manifest.lock */,
				33AAFE22257913C9006FD448 /* SwiftGen */,
				33AAFD9E2578EBE1006FD448 /* Sources */,
				33AAFD9F2578EBE1006FD448 /* Frameworks */,
				33AAFDA02578EBE1006FD448 /* Resources */,
			);
			buildRules = (
			);
			dependencies = (
			);
			name = Weather;
			productName = Weather;
			productReference = 33AAFDA22578EBE1006FD448 /* Weather.app */;
			productType = "com.apple.product-type.application";
		};
/* End PBXNativeTarget section */

/* Begin PBXProject section */
		33AAFD9A2578EBE1006FD448 /* Project object */ = {
			isa = PBXProject;
			attributes = {
				LastSwiftUpdateCheck = 1220;
				LastUpgradeCheck = 1220;
				TargetAttributes = {
					33AAFDA12578EBE1006FD448 = {
						CreatedOnToolsVersion = 12.2;
					};
				};
			};
			buildConfigurationList = 33AAFD9D2578EBE1006FD448 /* Build configuration list for PBXProject "Weather" */;
			compatibilityVersion = "Xcode 9.3";
			developmentRegion = en;
			hasScannedForEncodings = 0;
			knownRegions = (
				en,
				ru,
				Base,
			);
			mainGroup = 33AAFD992578EBE1006FD448;
			productRefGroup = 33AAFDA32578EBE1006FD448 /* Products */;
			projectDirPath = "";
			projectRoot = "";
			targets = (
				33AAFDA12578EBE1006FD448 /* Weather */,
			);
		};
/* End PBXProject section */

/* Begin PBXResourcesBuildPhase section */
		33AAFDA02578EBE1006FD448 /* Resources */ = {
			isa = PBXResourcesBuildPhase;
			buildActionMask = 2147483647;
			files = (
				EAD5D8AB257A5F7000A7773C /* .swiftlint.yml in Resources */,
				33AAFE3C25792547006FD448 /* Localizable.strings in Resources */,
				EAD5D8C0257A615200A7773C /* Assets.xcassets in Resources */,
				EAD5D8A8257A5F6A00A7773C /* swiftgen.yml in Resources */,
			);
			runOnlyForDeploymentPostprocessing = 0;
		};
/* End PBXResourcesBuildPhase section */

/* Begin PBXShellScriptBuildPhase section */
		33AAFE22257913C9006FD448 /* SwiftGen */ = {
			isa = PBXShellScriptBuildPhase;
			buildActionMask = 2147483647;
			files = (
			);
			inputFileListPaths = (
			);
			inputPaths = (
			);
			name = SwiftGen;
			outputFileListPaths = (
			);
			outputPaths = (
			);
			runOnlyForDeploymentPostprocessing = 0;
			shellPath = /bin/sh;
			shellScript = "if [[ -f \"${PODS_ROOT}/SwiftGen/bin/swiftgen\" ]]; then\n  \"${PODS_ROOT}/SwiftGen/bin/swiftgen\"\nelse\n  echo \"warning: SwiftGen is not installed. Run 'pod install --repo-update' to install it.\"\nfi\n";
		};
		D31CD8FAF446A14F44683ACC /* [CP] Check Pods Manifest.lock */ = {
			isa = PBXShellScriptBuildPhase;
			buildActionMask = 2147483647;
			files = (
			);
			inputFileListPaths = (
			);
			inputPaths = (
				"${PODS_PODFILE_DIR_PATH}/Podfile.lock",
				"${PODS_ROOT}/Manifest.lock",
			);
			name = "[CP] Check Pods Manifest.lock";
			outputFileListPaths = (
			);
			outputPaths = (
				"$(DERIVED_FILE_DIR)/Pods-Weather-checkManifestLockResult.txt",
			);
			runOnlyForDeploymentPostprocessing = 0;
			shellPath = /bin/sh;
			shellScript = "diff \"${PODS_PODFILE_DIR_PATH}/Podfile.lock\" \"${PODS_ROOT}/Manifest.lock\" > /dev/null\nif [ $? != 0 ] ; then\n    # print error to STDERR\n    echo \"error: The sandbox is not in sync with the Podfile.lock. Run 'pod install' or update your CocoaPods installation.\" >&2\n    exit 1\nfi\n# This output is used by Xcode 'outputs' to avoid re-running this script phase.\necho \"SUCCESS\" > \"${SCRIPT_OUTPUT_FILE_0}\"\n";
			showEnvVarsInLog = 0;
		};
/* End PBXShellScriptBuildPhase section */

/* Begin PBXSourcesBuildPhase section */
		33AAFD9E2578EBE1006FD448 /* Sources */ = {
			isa = PBXSourcesBuildPhase;
			buildActionMask = 2147483647;
			files = (
				33AAFE72257A8145006FD448 /* ServiceContainer.swift in Sources */,
				3397A4992581160A004A2E88 /* ApiProviderErrors.swift in Sources */,
				EAD5D8E0257A66DE00A7773C /* DependencyInjector.swift in Sources */,
				33AAFE7C257A8567006FD448 /* EndpointProtocol.swift in Sources */,
				EAD5D8E8257A698400A7773C /* AppState.swift in Sources */,
				EAD5D8DC257A669D00A7773C /* AppEnvironment.swift in Sources */,
				EAD5D8CE257A647A00A7773C /* Store.swift in Sources */,
				33AAFE77257A844E006FD448 /* APIProvider.swift in Sources */,
				EAD5D8B6257A601B00A7773C /* Fonts.swift in Sources */,
				EAD5D8D3257A64E300A7773C /* CancelBag.swift in Sources */,
				33AAFDA82578EBE1006FD448 /* ContentView.swift in Sources */,
				33AAFE88257A8BC2006FD448 /* WeatherServiceProtocol.swift in Sources */,
				33AAFE84257A8B9A006FD448 /* WeatherService.swift in Sources */,
				33AAFDA62578EBE1006FD448 /* WeatherApp.swift in Sources */,
				EAD5D8E4257A692000A7773C /* DataManagers.swift in Sources */,
				EAD5D8B5257A601B00A7773C /* Assets.swift in Sources */,
				33AAFE80257A8811006FD448 /* WeatherEndpoint.swift in Sources */,
				3397A4962581136E004A2E88 /* Localizable.swift in Sources */,
				3397A49025810CAA004A2E88 /* WeatherServiceErrors.swift in Sources */,
			);
			runOnlyForDeploymentPostprocessing = 0;
		};
/* End PBXSourcesBuildPhase section */

/* Begin PBXVariantGroup section */
		33AAFE3E25792547006FD448 /* Localizable.strings */ = {
			isa = PBXVariantGroup;
			children = (
				33AAFE3D25792547006FD448 /* en */,
				33AAFE4025792565006FD448 /* ru */,
			);
			name = Localizable.strings;
			sourceTree = "<group>";
		};
/* End PBXVariantGroup section */

/* Begin XCBuildConfiguration section */
		33AAFDAF2578EBE5006FD448 /* Debug */ = {
			isa = XCBuildConfiguration;
			buildSettings = {
				ALWAYS_SEARCH_USER_PATHS = NO;
				CLANG_ANALYZER_NONNULL = YES;
				CLANG_ANALYZER_NUMBER_OBJECT_CONVERSION = YES_AGGRESSIVE;
				CLANG_CXX_LANGUAGE_STANDARD = "gnu++14";
				CLANG_CXX_LIBRARY = "libc++";
				CLANG_ENABLE_MODULES = YES;
				CLANG_ENABLE_OBJC_ARC = YES;
				CLANG_ENABLE_OBJC_WEAK = YES;
				CLANG_WARN_BLOCK_CAPTURE_AUTORELEASING = YES;
				CLANG_WARN_BOOL_CONVERSION = YES;
				CLANG_WARN_COMMA = YES;
				CLANG_WARN_CONSTANT_CONVERSION = YES;
				CLANG_WARN_DEPRECATED_OBJC_IMPLEMENTATIONS = YES;
				CLANG_WARN_DIRECT_OBJC_ISA_USAGE = YES_ERROR;
				CLANG_WARN_DOCUMENTATION_COMMENTS = YES;
				CLANG_WARN_EMPTY_BODY = YES;
				CLANG_WARN_ENUM_CONVERSION = YES;
				CLANG_WARN_INFINITE_RECURSION = YES;
				CLANG_WARN_INT_CONVERSION = YES;
				CLANG_WARN_NON_LITERAL_NULL_CONVERSION = YES;
				CLANG_WARN_OBJC_IMPLICIT_RETAIN_SELF = YES;
				CLANG_WARN_OBJC_LITERAL_CONVERSION = YES;
				CLANG_WARN_OBJC_ROOT_CLASS = YES_ERROR;
				CLANG_WARN_QUOTED_INCLUDE_IN_FRAMEWORK_HEADER = YES;
				CLANG_WARN_RANGE_LOOP_ANALYSIS = YES;
				CLANG_WARN_STRICT_PROTOTYPES = YES;
				CLANG_WARN_SUSPICIOUS_MOVE = YES;
				CLANG_WARN_UNGUARDED_AVAILABILITY = YES_AGGRESSIVE;
				CLANG_WARN_UNREACHABLE_CODE = YES;
				CLANG_WARN__DUPLICATE_METHOD_MATCH = YES;
				COPY_PHASE_STRIP = NO;
				DEBUG_INFORMATION_FORMAT = dwarf;
				ENABLE_STRICT_OBJC_MSGSEND = YES;
				ENABLE_TESTABILITY = YES;
				GCC_C_LANGUAGE_STANDARD = gnu11;
				GCC_DYNAMIC_NO_PIC = NO;
				GCC_NO_COMMON_BLOCKS = YES;
				GCC_OPTIMIZATION_LEVEL = 0;
				GCC_PREPROCESSOR_DEFINITIONS = (
					"DEBUG=1",
					"$(inherited)",
				);
				GCC_WARN_64_TO_32_BIT_CONVERSION = YES;
				GCC_WARN_ABOUT_RETURN_TYPE = YES_ERROR;
				GCC_WARN_UNDECLARED_SELECTOR = YES;
				GCC_WARN_UNINITIALIZED_AUTOS = YES_AGGRESSIVE;
				GCC_WARN_UNUSED_FUNCTION = YES;
				GCC_WARN_UNUSED_VARIABLE = YES;
				IPHONEOS_DEPLOYMENT_TARGET = 14.0;
				MTL_ENABLE_DEBUG_INFO = INCLUDE_SOURCE;
				MTL_FAST_MATH = YES;
				ONLY_ACTIVE_ARCH = YES;
				SDKROOT = iphoneos;
				SWIFT_ACTIVE_COMPILATION_CONDITIONS = DEBUG;
				SWIFT_OPTIMIZATION_LEVEL = "-Onone";
			};
			name = Debug;
		};
		33AAFDB02578EBE5006FD448 /* Release */ = {
			isa = XCBuildConfiguration;
			buildSettings = {
				ALWAYS_SEARCH_USER_PATHS = NO;
				CLANG_ANALYZER_NONNULL = YES;
				CLANG_ANALYZER_NUMBER_OBJECT_CONVERSION = YES_AGGRESSIVE;
				CLANG_CXX_LANGUAGE_STANDARD = "gnu++14";
				CLANG_CXX_LIBRARY = "libc++";
				CLANG_ENABLE_MODULES = YES;
				CLANG_ENABLE_OBJC_ARC = YES;
				CLANG_ENABLE_OBJC_WEAK = YES;
				CLANG_WARN_BLOCK_CAPTURE_AUTORELEASING = YES;
				CLANG_WARN_BOOL_CONVERSION = YES;
				CLANG_WARN_COMMA = YES;
				CLANG_WARN_CONSTANT_CONVERSION = YES;
				CLANG_WARN_DEPRECATED_OBJC_IMPLEMENTATIONS = YES;
				CLANG_WARN_DIRECT_OBJC_ISA_USAGE = YES_ERROR;
				CLANG_WARN_DOCUMENTATION_COMMENTS = YES;
				CLANG_WARN_EMPTY_BODY = YES;
				CLANG_WARN_ENUM_CONVERSION = YES;
				CLANG_WARN_INFINITE_RECURSION = YES;
				CLANG_WARN_INT_CONVERSION = YES;
				CLANG_WARN_NON_LITERAL_NULL_CONVERSION = YES;
				CLANG_WARN_OBJC_IMPLICIT_RETAIN_SELF = YES;
				CLANG_WARN_OBJC_LITERAL_CONVERSION = YES;
				CLANG_WARN_OBJC_ROOT_CLASS = YES_ERROR;
				CLANG_WARN_QUOTED_INCLUDE_IN_FRAMEWORK_HEADER = YES;
				CLANG_WARN_RANGE_LOOP_ANALYSIS = YES;
				CLANG_WARN_STRICT_PROTOTYPES = YES;
				CLANG_WARN_SUSPICIOUS_MOVE = YES;
				CLANG_WARN_UNGUARDED_AVAILABILITY = YES_AGGRESSIVE;
				CLANG_WARN_UNREACHABLE_CODE = YES;
				CLANG_WARN__DUPLICATE_METHOD_MATCH = YES;
				COPY_PHASE_STRIP = NO;
				DEBUG_INFORMATION_FORMAT = "dwarf-with-dsym";
				ENABLE_NS_ASSERTIONS = NO;
				ENABLE_STRICT_OBJC_MSGSEND = YES;
				GCC_C_LANGUAGE_STANDARD = gnu11;
				GCC_NO_COMMON_BLOCKS = YES;
				GCC_WARN_64_TO_32_BIT_CONVERSION = YES;
				GCC_WARN_ABOUT_RETURN_TYPE = YES_ERROR;
				GCC_WARN_UNDECLARED_SELECTOR = YES;
				GCC_WARN_UNINITIALIZED_AUTOS = YES_AGGRESSIVE;
				GCC_WARN_UNUSED_FUNCTION = YES;
				GCC_WARN_UNUSED_VARIABLE = YES;
				IPHONEOS_DEPLOYMENT_TARGET = 14.0;
				MTL_ENABLE_DEBUG_INFO = NO;
				MTL_FAST_MATH = YES;
				SDKROOT = iphoneos;
				SWIFT_COMPILATION_MODE = wholemodule;
				SWIFT_OPTIMIZATION_LEVEL = "-O";
				VALIDATE_PRODUCT = YES;
			};
			name = Release;
		};
		33AAFDB22578EBE5006FD448 /* Debug */ = {
			isa = XCBuildConfiguration;
			baseConfigurationReference = 30E945200854FE87FF693844 /* Pods-Weather.debug.xcconfig */;
			buildSettings = {
				ASSETCATALOG_COMPILER_APPICON_NAME = AppIcon;
				ASSETCATALOG_COMPILER_GLOBAL_ACCENT_COLOR_NAME = AccentColor;
				CODE_SIGN_STYLE = Automatic;
				DEVELOPMENT_ASSET_PATHS = "";
				DEVELOPMENT_TEAM = 6RB7NH47H2;
				ENABLE_PREVIEWS = YES;
				INFOPLIST_FILE = Weather/Resources/Info.plist;
				IPHONEOS_DEPLOYMENT_TARGET = 14.0;
				LD_RUNPATH_SEARCH_PATHS = (
					"$(inherited)",
					"@executable_path/Frameworks",
				);
				PRODUCT_BUNDLE_IDENTIFIER = com.AlenaNesterkina.Weather;
				PRODUCT_NAME = "$(TARGET_NAME)";
				SWIFT_VERSION = 5.0;
				TARGETED_DEVICE_FAMILY = "1,2";
			};
			name = Debug;
		};
		33AAFDB32578EBE5006FD448 /* Release */ = {
			isa = XCBuildConfiguration;
			baseConfigurationReference = 3DC9A732CA08884D6D2347E0 /* Pods-Weather.release.xcconfig */;
			buildSettings = {
				ASSETCATALOG_COMPILER_APPICON_NAME = AppIcon;
				ASSETCATALOG_COMPILER_GLOBAL_ACCENT_COLOR_NAME = AccentColor;
				CODE_SIGN_STYLE = Automatic;
				DEVELOPMENT_ASSET_PATHS = "";
				DEVELOPMENT_TEAM = 6RB7NH47H2;
				ENABLE_PREVIEWS = YES;
				INFOPLIST_FILE = Weather/Resources/Info.plist;
				IPHONEOS_DEPLOYMENT_TARGET = 14.0;
				LD_RUNPATH_SEARCH_PATHS = (
					"$(inherited)",
					"@executable_path/Frameworks",
				);
				PRODUCT_BUNDLE_IDENTIFIER = com.AlenaNesterkina.Weather;
				PRODUCT_NAME = "$(TARGET_NAME)";
				SWIFT_VERSION = 5.0;
				TARGETED_DEVICE_FAMILY = "1,2";
			};
			name = Release;
		};
/* End XCBuildConfiguration section */

/* Begin XCConfigurationList section */
		33AAFD9D2578EBE1006FD448 /* Build configuration list for PBXProject "Weather" */ = {
			isa = XCConfigurationList;
			buildConfigurations = (
				33AAFDAF2578EBE5006FD448 /* Debug */,
				33AAFDB02578EBE5006FD448 /* Release */,
			);
			defaultConfigurationIsVisible = 0;
			defaultConfigurationName = Release;
		};
		33AAFDB12578EBE5006FD448 /* Build configuration list for PBXNativeTarget "Weather" */ = {
			isa = XCConfigurationList;
			buildConfigurations = (
				33AAFDB22578EBE5006FD448 /* Debug */,
				33AAFDB32578EBE5006FD448 /* Release */,
			);
			defaultConfigurationIsVisible = 0;
			defaultConfigurationName = Release;
		};
/* End XCConfigurationList section */
	};
	rootObject = 33AAFD9A2578EBE1006FD448 /* Project object */;
}
